<?xml version="1.0" encoding="UTF-8"?>
<Project xmlns="http://schemas.microsoft.com/developer/msbuild/2003" ToolsVersion="4.0">
    <ItemGroup>
        <Filter Include="header">
            <UniqueIdentifier>{415E962D-0AA6-4AF7-8F78-7AC0E5479398}</UniqueIdentifier>
            <Extensions>h;hpp</Extensions>
        </Filter>
        <Filter Include="resource">
            <UniqueIdentifier>{D91C61A0-E8AB-40FD-99A2-AFF2C4A5CD8E}</UniqueIdentifier>
            <Extensions>hlsl;jpg;jpeg;png;wav;mp3;ico;dds;rc;obj</Extensions>
        </Filter>
        <Filter Include="source">
            <UniqueIdentifier>{9884950B-68F4-448B-AF11-0F4324F5BAE2}</UniqueIdentifier>
            <Extensions>cpp;c</Extensions>
        </Filter>
    </ItemGroup>
    <ItemGroup>
        <ClCompile Include="..\..\..\src\PVZ\main.cpp">
            <Filter>source</Filter>
        </ClCompile>
        <ClCompile Include="..\..\..\src\PVZ\pch.cpp">
            <Filter>source</Filter>
        </ClCompile>
        <ClCompile Include="..\..\..\src\PVZ\Plant.cpp">
            <Filter>source</Filter>
        </ClCompile>
        <ClCompile Include="..\..\..\src\PVZ\Projectile.cpp">
            <Filter>source</Filter>
        </ClCompile>
        <ClCompile Include="..\..\..\src\PVZ\PVZScene.cpp">
            <Filter>source</Filter>
        </ClCompile>
        <ClCompile Include="..\..\..\src\PVZ\StateBase.cpp">
            <Filter>source</Filter>
        </ClCompile>
        <ClCompile Include="..\..\..\src\PVZ\StateIdlePlant.cpp">
            <Filter>source</Filter>
        </ClCompile>
        <ClCompile Include="..\..\..\src\PVZ\StateMachine.cpp">
            <Filter>source</Filter>
        </ClCompile>
        <ClCompile Include="..\..\..\src\PVZ\StateReloadingPlant.cpp">
            <Filter>source</Filter>
        </ClCompile>
        <ClCompile Include="..\..\..\src\PVZ\StateShootingPlant.cpp">
            <Filter>source</Filter>
        </ClCompile>
        <ClCompile Include="..\..\..\src\PVZ\Zombie.cpp">
            <Filter>source</Filter>
        </ClCompile>
        <ClInclude Include="..\..\..\src\PVZ\main.h">
            <Filter>header</Filter>
        </ClInclude>
        <ClInclude Include="..\..\..\src\PVZ\pch.h">
            <Filter>header</Filter>
        </ClInclude>
        <ClInclude Include="..\..\..\src\PVZ\Plant.h">
            <Filter>header</Filter>
        </ClInclude>
        <ClInclude Include="..\..\..\src\PVZ\Projectile.h">
            <Filter>header</Filter>
        </ClInclude>
        <ClInclude Include="..\..\..\src\PVZ\PVZScene.h">
            <Filter>header</Filter>
        </ClInclude>
        <ClInclude Include="..\..\..\src\PVZ\resource.h">
            <Filter>header</Filter>
        </ClInclude>
        <ClInclude Include="..\..\..\src\PVZ\StateBase.h">
            <Filter>header</Filter>
        </ClInclude>
        <ClInclude Include="..\..\..\src\PVZ\StateIdlePlant.h">
            <Filter>header</Filter>
        </ClInclude>
        <ClInclude Include="..\..\..\src\PVZ\StateMachine.h">
            <Filter>header</Filter>
        </ClInclude>
        <ClInclude Include="..\..\..\src\PVZ\StateReloadingPlant.h">
            <Filter>header</Filter>
        </ClInclude>
        <ClInclude Include="..\..\..\src\PVZ\StateShootingPlant.h">
            <Filter>header</Filter>
        </ClInclude>
        <ClInclude Include="..\..\..\src\PVZ\Zombie.h">
            <Filter>header</Filter>
        </ClInclude>
        <None Include="..\..\..\src\PVZ\app.ico">
            <Filter>resource</Filter>
        </None>
        <None Include="..\..\..\src\PVZ\app.rc">
            <Filter>resource</Filter>
        </None>
        <None Include="..\..\..\src\PVZ\small.ico">
            <Filter>resource</Filter>
        </None>
    </ItemGroup>
</Project>
