
Microsoft Visual Studio Solution File, Format Version 12.00
# Visual Studio Version 16
VisualStudioVersion = 16.0.30319.14
MinimumVisualStudioVersion = 10.0.40219.1
Project("{8BC9CEB8-8B4A-11D0-8D11-00A0C91BC942}") = "LightEngine", "LightEngine\LightEngine.vcxproj", "{E72B8D05-BDE7-42D2-8AA7-D64E9C9C390D}"
	ProjectSection(ProjectDependencies) = postProject
	EndProjectSection
EndProject
Project("{8BC9CEB8-8B4A-11D0-8D11-00A0C91BC942}") = "Sample", "Sample\Sample.vcxproj", "{A5B4C99A-1E33-4ABB-9AA0-3E01CAA9D3F0}"
	ProjectSection(ProjectDependencies) = postProject
	EndProjectSection
EndProject
Project("{8BC9CEB8-8B4A-11D0-8D11-00A0C91BC942}") = "PVZ", "PVZ\PVZ.vcxproj", "{36B16FF1-C547-4406-9A40-689F3CDFFF00}"
	ProjectSection(ProjectDependencies) = postProject
	EndProjectSection
EndProject
Global
	GlobalSection(SolutionConfigurationPlatforms) = preSolution
		Debug|x64 = Debug|x64
		Release|x64 = Release|x64
		Debug|x64 = Debug|x64
		Release|x64 = Release|x64
		Debug|x64 = Debug|x64
		Release|x64 = Release|x64
	EndGlobalSection
	GlobalSection(ProjectConfigurationPlatforms) = postSolution
		{E72B8D05-BDE7-42D2-8AA7-D64E9C9C390D}.Debug|x64.ActiveCfg = Debug|x64
		{E72B8D05-BDE7-42D2-8AA7-D64E9C9C390D}.Debug|x64.Build.0 = Debug|x64
		{E72B8D05-BDE7-42D2-8AA7-D64E9C9C390D}.Release|x64.ActiveCfg = Release|x64
		{E72B8D05-BDE7-42D2-8AA7-D64E9C9C390D}.Release|x64.Build.0 = Release|x64
		{A5B4C99A-1E33-4ABB-9AA0-3E01CAA9D3F0}.Debug|x64.ActiveCfg = Debug|x64
		{A5B4C99A-1E33-4ABB-9AA0-3E01CAA9D3F0}.Debug|x64.Build.0 = Debug|x64
		{A5B4C99A-1E33-4ABB-9AA0-3E01CAA9D3F0}.Release|x64.ActiveCfg = Release|x64
		{A5B4C99A-1E33-4ABB-9AA0-3E01CAA9D3F0}.Release|x64.Build.0 = Release|x64
		{36B16FF1-C547-4406-9A40-689F3CDFFF00}.Debug|x64.ActiveCfg = Debug|x64
		{36B16FF1-C547-4406-9A40-689F3CDFFF00}.Debug|x64.Build.0 = Debug|x64
		{36B16FF1-C547-4406-9A40-689F3CDFFF00}.Release|x64.ActiveCfg = Release|x64
		{36B16FF1-C547-4406-9A40-689F3CDFFF00}.Release|x64.Build.0 = Release|x64
	EndGlobalSection
	GlobalSection(SolutionProperties) = preSolution
		HideSolutionNode = FALSE
	EndGlobalSection
	GlobalSection(NestedProjects) = preSolution
	EndGlobalSection
	GlobalSection(ExtensibilityGlobals) = postSolution
		SolutionGuid = {BA94A780-515E-48E6-905E-EBA74DE15829}
	EndGlobalSection
EndGlobal
